# This file is automatically @generated by Poetry 1.7.1 and should not be changed by hand.

[[package]]
name = "chardet"
version = "5.2.0"
description = "Universal encoding detector for Python 3"
optional = false
python-versions = ">=3.7"
files = [
    {file = "chardet-5.2.0-py3-none-any.whl", hash = "sha256:e1cf59446890a00105fe7b7912492ea04b6e6f06d4b742b2c788469e34c82970"},
    {file = "chardet-5.2.0.tar.gz", hash = "sha256:1b3b6ff479a8c414bc3fa2c0852995695c4a026dcd6d0633b2dd092ca39c1cf7"},
]

[[package]]
name = "et-xmlfile"
version = "1.1.0"
description = "An implementation of lxml.xmlfile for the standard library"
optional = false
python-versions = ">=3.6"
files = [
    {file = "et_xmlfile-1.1.0-py3-none-any.whl", hash = "sha256:a2ba85d1d6a74ef63837eed693bcb89c3f752169b0e3e7ae5b16ca5e1b3deada"},
    {file = "et_xmlfile-1.1.0.tar.gz", hash = "sha256:8eb9e2bc2f8c97e37a2dc85a09ecdcdec9d8a396530a6d5a33b30b9a92da0c5c"},
]

[[package]]
name = "openpyxl"
version = "3.1.2"
description = "A Python library to read/write Excel 2010 xlsx/xlsm files"
optional = false
python-versions = ">=3.6"
files = [
    {file = "openpyxl-3.1.2-py2.py3-none-any.whl", hash = "sha256:f91456ead12ab3c6c2e9491cf33ba6d08357d802192379bb482f1033ade496f5"},
    {file = "openpyxl-3.1.2.tar.gz", hash = "sha256:a6f5977418eff3b2d5500d54d9db50c8277a368436f4e4f8ddb1be3422870184"},
]

[package.dependencies]
et-xmlfile = "*"

[[package]]
name = "pillow"
version = "10.2.0"
description = "Python Imaging Library (Fork)"
optional = false
python-versions = ">=3.8"
files = [
    {file = "pillow-10.2.0-cp310-cp310-macosx_10_10_x86_64.whl", hash = "sha256:7823bdd049099efa16e4246bdf15e5a13dbb18a51b68fa06d6c1d4d8b99a796e"},
    {file = "pillow-10.2.0-cp310-cp310-macosx_11_0_arm64.whl", hash = "sha256:83b2021f2ade7d1ed556bc50a399127d7fb245e725aa0113ebd05cfe88aaf588"},
    {file = "pillow-10.2.0-cp310-cp310-manylinux_2_17_aarch64.manylinux2014_aarch64.whl", hash = "sha256:6fad5ff2f13d69b7e74ce5b4ecd12cc0ec530fcee76356cac6742785ff71c452"},
    {file = "pillow-10.2.0-cp310-cp310-manylinux_2_17_x86_64.manylinux2014_x86_64.whl", hash = "sha256:da2b52b37dad6d9ec64e653637a096905b258d2fc2b984c41ae7d08b938a67e4"},
    {file = "pillow-10.2.0-cp310-cp310-manylinux_2_28_aarch64.whl", hash = "sha256:47c0995fc4e7f79b5cfcab1fc437ff2890b770440f7696a3ba065ee0fd496563"},
    {file = "pillow-10.2.0-cp310-cp310-manylinux_2_28_x86_64.whl", hash = "sha256:322bdf3c9b556e9ffb18f93462e5f749d3444ce081290352c6070d014c93feb2"},
    {file = "pillow-10.2.0-cp310-cp310-musllinux_1_1_aarch64.whl", hash = "sha256:51f1a1bffc50e2e9492e87d8e09a17c5eea8409cda8d3f277eb6edc82813c17c"},
    {file = "pillow-10.2.0-cp310-cp310-musllinux_1_1_x86_64.whl", hash = "sha256:69ffdd6120a4737710a9eee73e1d2e37db89b620f702754b8f6e62594471dee0"},
    {file = "pillow-10.2.0-cp310-cp310-win32.whl", hash = "sha256:c6dafac9e0f2b3c78df97e79af707cdc5ef8e88208d686a4847bab8266870023"},
    {file = "pillow-10.2.0-cp310-cp310-win_amd64.whl", hash = "sha256:aebb6044806f2e16ecc07b2a2637ee1ef67a11840a66752751714a0d924adf72"},
    {file = "pillow-10.2.0-cp310-cp310-win_arm64.whl", hash = "sha256:7049e301399273a0136ff39b84c3678e314f2158f50f517bc50285fb5ec847ad"},
    {file = "pillow-10.2.0-cp311-cp311-macosx_10_10_x86_64.whl", hash = "sha256:35bb52c37f256f662abdfa49d2dfa6ce5d93281d323a9af377a120e89a9eafb5"},
    {file = "pillow-10.2.0-cp311-cp311-macosx_11_0_arm64.whl", hash = "sha256:9c23f307202661071d94b5e384e1e1dc7dfb972a28a2310e4ee16103e66ddb67"},
    {file = "pillow-10.2.0-cp311-cp311-manylinux_2_17_aarch64.manylinux2014_aarch64.whl", hash = "sha256:773efe0603db30c281521a7c0214cad7836c03b8ccff897beae9b47c0b657d61"},
    {file = "pillow-10.2.0-cp311-cp311-manylinux_2_17_x86_64.manylinux2014_x86_64.whl", hash = "sha256:11fa2e5984b949b0dd6d7a94d967743d87c577ff0b83392f17cb3990d0d2fd6e"},
    {file = "pillow-10.2.0-cp311-cp311-manylinux_2_28_aarch64.whl", hash = "sha256:716d30ed977be8b37d3ef185fecb9e5a1d62d110dfbdcd1e2a122ab46fddb03f"},
    {file = "pillow-10.2.0-cp311-cp311-manylinux_2_28_x86_64.whl", hash = "sha256:a086c2af425c5f62a65e12fbf385f7c9fcb8f107d0849dba5839461a129cf311"},
    {file = "pillow-10.2.0-cp311-cp311-musllinux_1_1_aarch64.whl", hash = "sha256:c8de2789052ed501dd829e9cae8d3dcce7acb4777ea4a479c14521c942d395b1"},
    {file = "pillow-10.2.0-cp311-cp311-musllinux_1_1_x86_64.whl", hash = "sha256:609448742444d9290fd687940ac0b57fb35e6fd92bdb65386e08e99af60bf757"},
    {file = "pillow-10.2.0-cp311-cp311-win32.whl", hash = "sha256:823ef7a27cf86df6597fa0671066c1b596f69eba53efa3d1e1cb8b30f3533068"},
    {file = "pillow-10.2.0-cp311-cp311-win_amd64.whl", hash = "sha256:1da3b2703afd040cf65ec97efea81cfba59cdbed9c11d8efc5ab09df9509fc56"},
    {file = "pillow-10.2.0-cp311-cp311-win_arm64.whl", hash = "sha256:edca80cbfb2b68d7b56930b84a0e45ae1694aeba0541f798e908a49d66b837f1"},
    {file = "pillow-10.2.0-cp312-cp312-macosx_10_10_x86_64.whl", hash = "sha256:1b5e1b74d1bd1b78bc3477528919414874748dd363e6272efd5abf7654e68bef"},
    {file = "pillow-10.2.0-cp312-cp312-macosx_11_0_arm64.whl", hash = "sha256:0eae2073305f451d8ecacb5474997c08569fb4eb4ac231ffa4ad7d342fdc25ac"},
    {file = "pillow-10.2.0-cp312-cp312-manylinux_2_17_aarch64.manylinux2014_aarch64.whl", hash = "sha256:b7c2286c23cd350b80d2fc9d424fc797575fb16f854b831d16fd47ceec078f2c"},
    {file = "pillow-10.2.0-cp312-cp312-manylinux_2_17_x86_64.manylinux2014_x86_64.whl", hash = "sha256:1e23412b5c41e58cec602f1135c57dfcf15482013ce6e5f093a86db69646a5aa"},
    {file = "pillow-10.2.0-cp312-cp312-manylinux_2_28_aarch64.whl", hash = "sha256:52a50aa3fb3acb9cf7213573ef55d31d6eca37f5709c69e6858fe3bc04a5c2a2"},
    {file = "pillow-10.2.0-cp312-cp312-manylinux_2_28_x86_64.whl", hash = "sha256:127cee571038f252a552760076407f9cff79761c3d436a12af6000cd182a9d04"},
    {file = "pillow-10.2.0-cp312-cp312-musllinux_1_1_aarch64.whl", hash = "sha256:8d12251f02d69d8310b046e82572ed486685c38f02176bd08baf216746eb947f"},
    {file = "pillow-10.2.0-cp312-cp312-musllinux_1_1_x86_64.whl", hash = "sha256:54f1852cd531aa981bc0965b7d609f5f6cc8ce8c41b1139f6ed6b3c54ab82bfb"},
    {file = "pillow-10.2.0-cp312-cp312-win32.whl", hash = "sha256:257d8788df5ca62c980314053197f4d46eefedf4e6175bc9412f14412ec4ea2f"},
    {file = "pillow-10.2.0-cp312-cp312-win_amd64.whl", hash = "sha256:154e939c5f0053a383de4fd3d3da48d9427a7e985f58af8e94d0b3c9fcfcf4f9"},
    {file = "pillow-10.2.0-cp312-cp312-win_arm64.whl", hash = "sha256:f379abd2f1e3dddb2b61bc67977a6b5a0a3f7485538bcc6f39ec76163891ee48"},
    {file = "pillow-10.2.0-cp38-cp38-macosx_10_10_x86_64.whl", hash = "sha256:8373c6c251f7ef8bda6675dd6d2b3a0fcc31edf1201266b5cf608b62a37407f9"},
    {file = "pillow-10.2.0-cp38-cp38-macosx_11_0_arm64.whl", hash = "sha256:870ea1ada0899fd0b79643990809323b389d4d1d46c192f97342eeb6ee0b8483"},
    {file = "pillow-10.2.0-cp38-cp38-manylinux_2_17_aarch64.manylinux2014_aarch64.whl", hash = "sha256:b4b6b1e20608493548b1f32bce8cca185bf0480983890403d3b8753e44077129"},
    {file = "pillow-10.2.0-cp38-cp38-manylinux_2_17_x86_64.manylinux2014_x86_64.whl", hash = "sha256:3031709084b6e7852d00479fd1d310b07d0ba82765f973b543c8af5061cf990e"},
    {file = "pillow-10.2.0-cp38-cp38-manylinux_2_28_aarch64.whl", hash = "sha256:3ff074fc97dd4e80543a3e91f69d58889baf2002b6be64347ea8cf5533188213"},
    {file = "pillow-10.2.0-cp38-cp38-manylinux_2_28_x86_64.whl", hash = "sha256:cb4c38abeef13c61d6916f264d4845fab99d7b711be96c326b84df9e3e0ff62d"},
    {file = "pillow-10.2.0-cp38-cp38-musllinux_1_1_aarch64.whl", hash = "sha256:b1b3020d90c2d8e1dae29cf3ce54f8094f7938460fb5ce8bc5c01450b01fbaf6"},
    {file = "pillow-10.2.0-cp38-cp38-musllinux_1_1_x86_64.whl", hash = "sha256:170aeb00224ab3dc54230c797f8404507240dd868cf52066f66a41b33169bdbe"},
    {file = "pillow-10.2.0-cp38-cp38-win32.whl", hash = "sha256:c4225f5220f46b2fde568c74fca27ae9771536c2e29d7c04f4fb62c83275ac4e"},
    {file = "pillow-10.2.0-cp38-cp38-win_amd64.whl", hash = "sha256:0689b5a8c5288bc0504d9fcee48f61a6a586b9b98514d7d29b840143d6734f39"},
    {file = "pillow-10.2.0-cp39-cp39-macosx_10_10_x86_64.whl", hash = "sha256:b792a349405fbc0163190fde0dc7b3fef3c9268292586cf5645598b48e63dc67"},
    {file = "pillow-10.2.0-cp39-cp39-macosx_11_0_arm64.whl", hash = "sha256:c570f24be1e468e3f0ce7ef56a89a60f0e05b30a3669a459e419c6eac2c35364"},
    {file = "pillow-10.2.0-cp39-cp39-manylinux_2_17_aarch64.manylinux2014_aarch64.whl", hash = "sha256:d8ecd059fdaf60c1963c58ceb8997b32e9dc1b911f5da5307aab614f1ce5c2fb"},
    {file = "pillow-10.2.0-cp39-cp39-manylinux_2_17_x86_64.manylinux2014_x86_64.whl", hash = "sha256:c365fd1703040de1ec284b176d6af5abe21b427cb3a5ff68e0759e1e313a5e7e"},
    {file = "pillow-10.2.0-cp39-cp39-manylinux_2_28_aarch64.whl", hash = "sha256:70c61d4c475835a19b3a5aa42492409878bbca7438554a1f89d20d58a7c75c01"},
    {file = "pillow-10.2.0-cp39-cp39-manylinux_2_28_x86_64.whl", hash = "sha256:b6f491cdf80ae540738859d9766783e3b3c8e5bd37f5dfa0b76abdecc5081f13"},
    {file = "pillow-10.2.0-cp39-cp39-musllinux_1_1_aarch64.whl", hash = "sha256:9d189550615b4948f45252d7f005e53c2040cea1af5b60d6f79491a6e147eef7"},
    {file = "pillow-10.2.0-cp39-cp39-musllinux_1_1_x86_64.whl", hash = "sha256:49d9ba1ed0ef3e061088cd1e7538a0759aab559e2e0a80a36f9fd9d8c0c21591"},
    {file = "pillow-10.2.0-cp39-cp39-win32.whl", hash = "sha256:babf5acfede515f176833ed6028754cbcd0d206f7f614ea3447d67c33be12516"},
    {file = "pillow-10.2.0-cp39-cp39-win_amd64.whl", hash = "sha256:0304004f8067386b477d20a518b50f3fa658a28d44e4116970abfcd94fac34a8"},
    {file = "pillow-10.2.0-cp39-cp39-win_arm64.whl", hash = "sha256:0fb3e7fc88a14eacd303e90481ad983fd5b69c761e9e6ef94c983f91025da869"},
    {file = "pillow-10.2.0-pp310-pypy310_pp73-macosx_10_10_x86_64.whl", hash = "sha256:322209c642aabdd6207517e9739c704dc9f9db943015535783239022002f054a"},
    {file = "pillow-10.2.0-pp310-pypy310_pp73-manylinux_2_17_aarch64.manylinux2014_aarch64.whl", hash = "sha256:3eedd52442c0a5ff4f887fab0c1c0bb164d8635b32c894bc1faf4c618dd89df2"},
    {file = "pillow-10.2.0-pp310-pypy310_pp73-manylinux_2_17_x86_64.manylinux2014_x86_64.whl", hash = "sha256:cb28c753fd5eb3dd859b4ee95de66cc62af91bcff5db5f2571d32a520baf1f04"},
    {file = "pillow-10.2.0-pp310-pypy310_pp73-manylinux_2_28_aarch64.whl", hash = "sha256:33870dc4653c5017bf4c8873e5488d8f8d5f8935e2f1fb9a2208c47cdd66efd2"},
    {file = "pillow-10.2.0-pp310-pypy310_pp73-manylinux_2_28_x86_64.whl", hash = "sha256:3c31822339516fb3c82d03f30e22b1d038da87ef27b6a78c9549888f8ceda39a"},
    {file = "pillow-10.2.0-pp310-pypy310_pp73-win_amd64.whl", hash = "sha256:a2b56ba36e05f973d450582fb015594aaa78834fefe8dfb8fcd79b93e64ba4c6"},
    {file = "pillow-10.2.0-pp38-pypy38_pp73-win_amd64.whl", hash = "sha256:d8e6aeb9201e655354b3ad049cb77d19813ad4ece0df1249d3c793de3774f8c7"},
    {file = "pillow-10.2.0-pp39-pypy39_pp73-macosx_10_10_x86_64.whl", hash = "sha256:2247178effb34a77c11c0e8ac355c7a741ceca0a732b27bf11e747bbc950722f"},
    {file = "pillow-10.2.0-pp39-pypy39_pp73-manylinux_2_17_aarch64.manylinux2014_aarch64.whl", hash = "sha256:15587643b9e5eb26c48e49a7b33659790d28f190fc514a322d55da2fb5c2950e"},
    {file = "pillow-10.2.0-pp39-pypy39_pp73-manylinux_2_17_x86_64.manylinux2014_x86_64.whl", hash = "sha256:753cd8f2086b2b80180d9b3010dd4ed147efc167c90d3bf593fe2af21265e5a5"},
    {file = "pillow-10.2.0-pp39-pypy39_pp73-manylinux_2_28_aarch64.whl", hash = "sha256:7c8f97e8e7a9009bcacbe3766a36175056c12f9a44e6e6f2d5caad06dcfbf03b"},
    {file = "pillow-10.2.0-pp39-pypy39_pp73-manylinux_2_28_x86_64.whl", hash = "sha256:d1b35bcd6c5543b9cb547dee3150c93008f8dd0f1fef78fc0cd2b141c5baf58a"},
    {file = "pillow-10.2.0-pp39-pypy39_pp73-win_amd64.whl", hash = "sha256:fe4c15f6c9285dc54ce6553a3ce908ed37c8f3825b5a51a15c91442bb955b868"},
    {file = "pillow-10.2.0.tar.gz", hash = "sha256:e87f0b2c78157e12d7686b27d63c070fd65d994e8ddae6f328e0dcf4a0cd007e"},
]

[package.extras]
docs = ["furo", "olefile", "sphinx (>=2.4)", "sphinx-copybutton", "sphinx-inline-tabs", "sphinx-removed-in", "sphinxext-opengraph"]
fpx = ["olefile"]
mic = ["olefile"]
tests = ["check-manifest", "coverage", "defusedxml", "markdown2", "olefile", "packaging", "pyroma", "pytest", "pytest-cov", "pytest-timeout"]
typing = ["typing-extensions"]
xmp = ["defusedxml"]

[[package]]
name = "pymupdf"
version = "1.23.22"
description = "A high performance Python library for data extraction, analysis, conversion & manipulation of PDF (and other) documents."
optional = false
python-versions = ">=3.8"
files = [
    {file = "PyMuPDF-1.23.22-cp310-none-macosx_10_9_x86_64.whl", hash = "sha256:e301481b8549d1d0497e1072563de9d8ea70b374263933e9906b69e1b358cf0c"},
    {file = "PyMuPDF-1.23.22-cp310-none-macosx_11_0_arm64.whl", hash = "sha256:e416948cc5050e012ebe28ee15c6bba23aaae41fd248fc9043eb7f934b30c303"},
    {file = "PyMuPDF-1.23.22-cp310-none-manylinux2014_x86_64.whl", hash = "sha256:8b27ce82af2edf973d1b83ff52641e29b53386de3e953a872d76ed2b1cf0a320"},
    {file = "PyMuPDF-1.23.22-cp310-none-win32.whl", hash = "sha256:61b8a44a61504edd2f8975c15a7d56c8877c2e760600c263aa62f3f065ba42db"},
    {file = "PyMuPDF-1.23.22-cp310-none-win_amd64.whl", hash = "sha256:23400f405b2a6b88c69676df3e8c2001eb655c910b7077fc2af2811c3c38a63e"},
    {file = "PyMuPDF-1.23.22-cp311-none-macosx_10_9_x86_64.whl", hash = "sha256:ec4cd4894f8edde505856b9426c67e9c57318f5e283b44634ebc15a2ec9fe532"},
    {file = "PyMuPDF-1.23.22-cp311-none-macosx_11_0_arm64.whl", hash = "sha256:ad70aba698f2382f694902c49b258b7393247b715d429acc493b9d37ecbe96fe"},
    {file = "PyMuPDF-1.23.22-cp311-none-manylinux2014_x86_64.whl", hash = "sha256:68543c6958876d246e18d290bc2250633a84411806296d44306a015e6ff64239"},
    {file = "PyMuPDF-1.23.22-cp311-none-win32.whl", hash = "sha256:78ec6364fee90bcefae7f036a3c115bf4ec85f5d7af56979f237c96fbb5fc57b"},
    {file = "PyMuPDF-1.23.22-cp311-none-win_amd64.whl", hash = "sha256:5b8b7ad2a1d27c4a48219a913cd9b6b7d48eb443bc6ca12cea9287b2c7aede5d"},
    {file = "PyMuPDF-1.23.22-cp312-none-macosx_10_9_x86_64.whl", hash = "sha256:5a7a720656b8efc00e5b3e42edbb74dd51484268b38edc34ba12dd7fc77d0048"},
    {file = "PyMuPDF-1.23.22-cp312-none-macosx_11_0_arm64.whl", hash = "sha256:80887102345bc7452a5b45a69d1842131ab2d7652d272ce7b0619885775f6bfb"},
    {file = "PyMuPDF-1.23.22-cp312-none-manylinux2014_x86_64.whl", hash = "sha256:13cb22263fa5e9ec87f46f74ef3ba5ad57200a07764fcf5918aa64118056de58"},
    {file = "PyMuPDF-1.23.22-cp312-none-win32.whl", hash = "sha256:d58b328faad077297efee0a808490149b1796a359f737fb74f9e2125632d0347"},
    {file = "PyMuPDF-1.23.22-cp312-none-win_amd64.whl", hash = "sha256:2878fecb1cb4e1a03f33ca786672c236400a811f310e2fa2929c30445b88952c"},
    {file = "PyMuPDF-1.23.22-cp38-none-macosx_10_9_x86_64.whl", hash = "sha256:c79b5eee74f4138b1bd0abc1ecd06e551ebabff2262ac88db625311709e08a9b"},
    {file = "PyMuPDF-1.23.22-cp38-none-macosx_11_0_arm64.whl", hash = "sha256:96b3188bc12ce96e92673a8e9133328cb9fa050289ff9dd9e2a3716d46c8d62a"},
    {file = "PyMuPDF-1.23.22-cp38-none-manylinux2014_x86_64.whl", hash = "sha256:20fa2094b4adda4902e47842d4d34334e6f09dcd0db8ffb9fe71f45dd33349ab"},
    {file = "PyMuPDF-1.23.22-cp38-none-win32.whl", hash = "sha256:c134307e4a2990599b291c6de28a3411851f08980e4bee05576361fdf726e3fe"},
    {file = "PyMuPDF-1.23.22-cp38-none-win_amd64.whl", hash = "sha256:f03e131c5aadc63d15b2dff096ee520a9f66852a6712dd6005633bcad7c386ac"},
    {file = "PyMuPDF-1.23.22-cp39-none-macosx_10_9_x86_64.whl", hash = "sha256:34380f046b117d10a4c06942a0cc19b843b8ce35c322543437f4d64673b64165"},
    {file = "PyMuPDF-1.23.22-cp39-none-macosx_11_0_arm64.whl", hash = "sha256:475eb3cf564aef3a2de98df72f478a5508c9eadc7072bb8d59c9c7e5b6611ba8"},
    {file = "PyMuPDF-1.23.22-cp39-none-manylinux2014_x86_64.whl", hash = "sha256:3c999c1ac8050afb2330349ac9a3c3b8fddd72749665a670ca4ba992b9c570f5"},
    {file = "PyMuPDF-1.23.22-cp39-none-win32.whl", hash = "sha256:df5d47f63db5ad4a83cb89e35243a3d0a221be23c3535c8d953fc79a47bd6635"},
    {file = "PyMuPDF-1.23.22-cp39-none-win_amd64.whl", hash = "sha256:4fb6f0bd2ce12eb2964e7f2b81568d0f9848207e347850095724af4b6bdecf96"},
    {file = "PyMuPDF-1.23.22.tar.gz", hash = "sha256:c41cd91d83696cea67a4b6c65cc1951c2019ac0a561c5a3f543318ede30d3cd0"},
]

[package.dependencies]
PyMuPDFb = "1.23.22"

[[package]]
name = "pymupdfb"
version = "1.23.22"
description = "MuPDF shared libraries for PyMuPDF."
optional = false
python-versions = ">=3.8"
files = [
    {file = "PyMuPDFb-1.23.22-py3-none-macosx_10_9_x86_64.whl", hash = "sha256:9085a1e2fbf16f2820f9f7ad3d25e85f81d9b9eb0409110c1670d4cf5a27a678"},
    {file = "PyMuPDFb-1.23.22-py3-none-macosx_11_0_arm64.whl", hash = "sha256:01016dd33220cef4ecaf929d09fd27a584dc3ec3e5c9f4112dfe63613ea35135"},
    {file = "PyMuPDFb-1.23.22-py3-none-manylinux2014_x86_64.manylinux_2_17_x86_64.whl", hash = "sha256:3ffa713ad18e816e584c8a5f569995c32d22f8ac76ab6e4a61f2d2983c4b73d9"},
    {file = "PyMuPDFb-1.23.22-py3-none-win32.whl", hash = "sha256:d00e372452845aea624659c302d25e935052269fd3aafe26948301576d6f2ee8"},
    {file = "PyMuPDFb-1.23.22-py3-none-win_amd64.whl", hash = "sha256:7c9c157281fdee9f296e666a323307dbf74cb38f017921bb131fa7bfcd39c2bd"},
]

[[package]]
name = "pypdf2"
version = "3.0.1"
description = "A pure-python PDF library capable of splitting, merging, cropping, and transforming PDF files"
optional = false
python-versions = ">=3.6"
files = [
    {file = "PyPDF2-3.0.1.tar.gz", hash = "sha256:a74408f69ba6271f71b9352ef4ed03dc53a31aa404d29b5d31f53bfecfee1440"},
    {file = "pypdf2-3.0.1-py3-none-any.whl", hash = "sha256:d16e4205cfee272fbdc0568b68d82be796540b1537508cef59388f839c191928"},
]

[package.extras]
crypto = ["PyCryptodome"]
dev = ["black", "flit", "pip-tools", "pre-commit (<2.18.0)", "pytest-cov", "wheel"]
docs = ["myst_parser", "sphinx", "sphinx_rtd_theme"]
full = ["Pillow", "PyCryptodome"]
image = ["Pillow"]

[[package]]
name = "reportlab"
version = "4.1.0"
description = "The Reportlab Toolkit"
optional = false
python-versions = ">=3.7,<4"
files = [
    {file = "reportlab-4.1.0-py3-none-any.whl", hash = "sha256:28a40d5000afbd8ccae15a47f7abe2841768461354bede1a9d42841132997c98"},
    {file = "reportlab-4.1.0.tar.gz", hash = "sha256:3a99faf412691159c068b3ff01c15307ce2fd2cf6b860199434874e002040a84"},
]

[package.dependencies]
chardet = "*"
pillow = ">=9.0.0"

[package.extras]
accel = ["rl-accel (>=0.9.0,<1.1)"]
pycairo = ["freetype-py (>=2.3.0,<2.4)", "rlPyCairo (>=0.2.0,<1)"]
renderpm = ["rl-renderPM (>=4.0.3,<4.1)"]

[metadata]
lock-version = "2.0"
python-versions = "^3.10"
content-hash = "9c7096da9d945b5d07eae07374efcbe89f3b57d1a5f1181a7b346fc8e1483837"
